// !$*UTF8*$!
{
	archiveVersion = 1;
	classes = {
	};
	objectVersion = 45;
	objects = {

/* Begin PBXBuildFile section */
		460F47B51366176100399621 /* libgsl.a in Frameworks */ = {isa = PBXBuildFile; fileRef = 460F47B11366176100399621 /* libgsl.a */; };
		460F47B61366176100399621 /* libgslcblas.a in Frameworks */ = {isa = PBXBuildFile; fileRef = 460F47B21366176100399621 /* libgslcblas.a */; };
		460F47B71366176100399621 /* libgsleigen.a in Frameworks */ = {isa = PBXBuildFile; fileRef = 460F47B31366176100399621 /* libgsleigen.a */; };
		460F47B81366176100399621 /* libgslmatrix.a in Frameworks */ = {isa = PBXBuildFile; fileRef = 460F47B41366176100399621 /* libgslmatrix.a */; };
		46F027441353BD57003E168E /* Vector.cpp in Sources */ = {isa = PBXBuildFile; fileRef = 46F0273C1353BD57003E168E /* Vector.cpp */; };
		46F027451353BD57003E168E /* Matrix.cpp in Sources */ = {isa = PBXBuildFile; fileRef = 46F0273E1353BD57003E168E /* Matrix.cpp */; };
		46F027461353BD57003E168E /* Macros.cpp in Sources */ = {isa = PBXBuildFile; fileRef = 46F027411353BD57003E168E /* Macros.cpp */; };
		46F027471353BD57003E168E /* gmr.cpp in Sources */ = {isa = PBXBuildFile; fileRef = 46F027431353BD57003E168E /* gmr.cpp */; };
		8DD76F650486A84900D96B5E /* main.cpp in Sources */ = {isa = PBXBuildFile; fileRef = 08FB7796FE84155DC02AAC07 /* main.cpp */; settings = {ATTRIBUTES = (); }; };
		8DD76F6A0486A84900D96B5E /* gmm.1 in CopyFiles */ = {isa = PBXBuildFile; fileRef = C6859E8B029090EE04C91782 /* gmm.1 */; };
/* End PBXBuildFile section */

/* Begin PBXCopyFilesBuildPhase section */
		8DD76F690486A84900D96B5E /* CopyFiles */ = {
			isa = PBXCopyFilesBuildPhase;
			buildActionMask = 8;
			dstPath = /usr/share/man/man1/;
			dstSubfolderSpec = 0;
			files = (
				8DD76F6A0486A84900D96B5E /* gmm.1 in CopyFiles */,
			);
			runOnlyForDeploymentPostprocessing = 1;
		};
/* End PBXCopyFilesBuildPhase section */

/* Begin PBXFileReference section */
		08FB7796FE84155DC02AAC07 /* main.cpp */ = {isa = PBXFileReference; fileEncoding = 4; lastKnownFileType = sourcecode.cpp.cpp; path = main.cpp; sourceTree = "<group>"; };
		460F47B11366176100399621 /* libgsl.a */ = {isa = PBXFileReference; lastKnownFileType = archive.ar; name = libgsl.a; path = /Users/nickcollins/Desktop/tosort/gsl_universal_1.14/libs/libgsl.a; sourceTree = "<absolute>"; };
		460F47B21366176100399621 /* libgslcblas.a */ = {isa = PBXFileReference; lastKnownFileType = archive.ar; name = libgslcblas.a; path = /Users/nickcollins/Desktop/tosort/gsl_universal_1.14/libs/libgslcblas.a; sourceTree = "<absolute>"; };
		460F47B31366176100399621 /* libgsleigen.a */ = {isa = PBXFileReference; lastKnownFileType = archive.ar; name = libgsleigen.a; path = /Users/nickcollins/Desktop/tosort/gsl_universal_1.14/libs/libgsleigen.a; sourceTree = "<absolute>"; };
		460F47B41366176100399621 /* libgslmatrix.a */ = {isa = PBXFileReference; lastKnownFileType = archive.ar; name = libgslmatrix.a; path = /Users/nickcollins/Desktop/tosort/gsl_universal_1.14/libs/libgslmatrix.a; sourceTree = "<absolute>"; };
		46F0273B1353BD57003E168E /* Vector.h */ = {isa = PBXFileReference; fileEncoding = 4; lastKnownFileType = sourcecode.c.h; path = Vector.h; sourceTree = "<group>"; };
		46F0273C1353BD57003E168E /* Vector.cpp */ = {isa = PBXFileReference; fileEncoding = 4; lastKnownFileType = sourcecode.cpp.cpp; path = Vector.cpp; sourceTree = "<group>"; };
		46F0273D1353BD57003E168E /* Matrix.h */ = {isa = PBXFileReference; fileEncoding = 4; lastKnownFileType = sourcecode.c.h; path = Matrix.h; sourceTree = "<group>"; };
		46F0273E1353BD57003E168E /* Matrix.cpp */ = {isa = PBXFileReference; fileEncoding = 4; lastKnownFileType = sourcecode.cpp.cpp; path = Matrix.cpp; sourceTree = "<group>"; };
		46F0273F1353BD57003E168E /* MathLib.h */ = {isa = PBXFileReference; fileEncoding = 4; lastKnownFileType = sourcecode.c.h; path = MathLib.h; sourceTree = "<group>"; };
		46F027401353BD57003E168E /* Macros.h */ = {isa = PBXFileReference; fileEncoding = 4; lastKnownFileType = sourcecode.c.h; path = Macros.h; sourceTree = "<group>"; };
		46F027411353BD57003E168E /* Macros.cpp */ = {isa = PBXFileReference; fileEncoding = 4; lastKnownFileType = sourcecode.cpp.cpp; path = Macros.cpp; sourceTree = "<group>"; };
		46F027421353BD57003E168E /* gmr.h */ = {isa = PBXFileReference; fileEncoding = 4; lastKnownFileType = sourcecode.c.h; path = gmr.h; sourceTree = "<group>"; };
		46F027431353BD57003E168E /* gmr.cpp */ = {isa = PBXFileReference; fileEncoding = 4; lastKnownFileType = sourcecode.cpp.cpp; path = gmr.cpp; sourceTree = "<group>"; };
		8DD76F6C0486A84900D96B5E /* gmm */ = {isa = PBXFileReference; explicitFileType = "compiled.mach-o.executable"; includeInIndex = 0; path = gmm; sourceTree = BUILT_PRODUCTS_DIR; };
		C6859E8B029090EE04C91782 /* gmm.1 */ = {isa = PBXFileReference; lastKnownFileType = text.man; path = gmm.1; sourceTree = "<group>"; };
/* End PBXFileReference section */

/* Begin PBXFrameworksBuildPhase section */
		8DD76F660486A84900D96B5E /* Frameworks */ = {
			isa = PBXFrameworksBuildPhase;
			buildActionMask = 2147483647;
			files = (
				460F47B51366176100399621 /* libgsl.a in Frameworks */,
				460F47B61366176100399621 /* libgslcblas.a in Frameworks */,
				460F47B71366176100399621 /* libgsleigen.a in Frameworks */,
				460F47B81366176100399621 /* libgslmatrix.a in Frameworks */,
			);
			runOnlyForDeploymentPostprocessing = 0;
		};
/* End PBXFrameworksBuildPhase section */

/* Begin PBXGroup section */
		08FB7794FE84155DC02AAC07 /* gmm */ = {
			isa = PBXGroup;
			children = (
				460F47B11366176100399621 /* libgsl.a */,
				460F47B21366176100399621 /* libgslcblas.a */,
				460F47B31366176100399621 /* libgsleigen.a */,
				460F47B41366176100399621 /* libgslmatrix.a */,
				08FB7795FE84155DC02AAC07 /* Source */,
				C6859E8C029090F304C91782 /* Documentation */,
				1AB674ADFE9D54B511CA2CBB /* Products */,
			);
			name = gmm;
			sourceTree = "<group>";
		};
		08FB7795FE84155DC02AAC07 /* Source */ = {
			isa = PBXGroup;
			children = (
				46F0273B1353BD57003E168E /* Vector.h */,
				46F0273C1353BD57003E168E /* Vector.cpp */,
				46F0273D1353BD57003E168E /* Matrix.h */,
				46F0273E1353BD57003E168E /* Matrix.cpp */,
				46F0273F1353BD57003E168E /* MathLib.h */,
				46F027401353BD57003E168E /* Macros.h */,
				46F027411353BD57003E168E /* Macros.cpp */,
				46F027421353BD57003E168E /* gmr.h */,
				46F027431353BD57003E168E /* gmr.cpp */,
				08FB7796FE84155DC02AAC07 /* main.cpp */,
			);
			name = Source;
			sourceTree = "<group>";
		};
		1AB674ADFE9D54B511CA2CBB /* Products */ = {
			isa = PBXGroup;
			children = (
				8DD76F6C0486A84900D96B5E /* gmm */,
			);
			name = Products;
			sourceTree = "<group>";
		};
		C6859E8C029090F304C91782 /* Documentation */ = {
			isa = PBXGroup;
			children = (
				C6859E8B029090EE04C91782 /* gmm.1 */,
			);
			name = Documentation;
			sourceTree = "<group>";
		};
/* End PBXGroup section */

/* Begin PBXNativeTarget section */
		8DD76F620486A84900D96B5E /* gmm */ = {
			isa = PBXNativeTarget;
			buildConfigurationList = 1DEB923108733DC60010E9CD /* Build configuration list for PBXNativeTarget "gmm" */;
			buildPhases = (
				8DD76F640486A84900D96B5E /* Sources */,
				8DD76F660486A84900D96B5E /* Frameworks */,
				8DD76F690486A84900D96B5E /* CopyFiles */,
				46F0274E1353BDBB003E168E /* ShellScript */,
			);
			buildRules = (
			);
			dependencies = (
			);
			name = gmm;
			productInstallPath = "$(HOME)/bin";
			productName = gmm;
			productReference = 8DD76F6C0486A84900D96B5E /* gmm */;
			productType = "com.apple.product-type.tool";
		};
/* End PBXNativeTarget section */

/* Begin PBXProject section */
		08FB7793FE84155DC02AAC07 /* Project object */ = {
			isa = PBXProject;
			buildConfigurationList = 1DEB923508733DC60010E9CD /* Build configuration list for PBXProject "gmm" */;
			compatibilityVersion = "Xcode 3.1";
			developmentRegion = English;
			hasScannedForEncodings = 1;
			knownRegions = (
				English,
				Japanese,
				French,
				German,
			);
			mainGroup = 08FB7794FE84155DC02AAC07 /* gmm */;
			projectDirPath = "";
			projectRoot = "";
			targets = (
				8DD76F620486A84900D96B5E /* gmm */,
			);
		};
/* End PBXProject section */

/* Begin PBXShellScriptBuildPhase section */
		46F0274E1353BDBB003E168E /* ShellScript */ = {
			isa = PBXShellScriptBuildPhase;
			buildActionMask = 2147483647;
			files = (
			);
			inputPaths = (
			);
			outputPaths = (
			);
			runOnlyForDeploymentPostprocessing = 0;
			shellPath = /bin/sh;
			shellScript = "cp \"$TARGET_BUILD_DIR/$PRODUCT_NAME\" /data/sc3code/classes/SCMIR/scmirexec/\"$PRODUCT_NAME\"";
		};
/* End PBXShellScriptBuildPhase section */

/* Begin PBXSourcesBuildPhase section */
		8DD76F640486A84900D96B5E /* Sources */ = {
			isa = PBXSourcesBuildPhase;
			buildActionMask = 2147483647;
			files = (
				8DD76F650486A84900D96B5E /* main.cpp in Sources */,
				46F027441353BD57003E168E /* Vector.cpp in Sources */,
				46F027451353BD57003E168E /* Matrix.cpp in Sources */,
				46F027461353BD57003E168E /* Macros.cpp in Sources */,
				46F027471353BD57003E168E /* gmr.cpp in Sources */,
			);
			runOnlyForDeploymentPostprocessing = 0;
		};
/* End PBXSourcesBuildPhase section */

/* Begin XCBuildConfiguration section */
		1DEB923208733DC60010E9CD /* Debug */ = {
			isa = XCBuildConfiguration;
			buildSettings = {
				ALWAYS_SEARCH_USER_PATHS = NO;
				COPY_PHASE_STRIP = NO;
				GCC_DYNAMIC_NO_PIC = NO;
				GCC_ENABLE_FIX_AND_CONTINUE = YES;
				GCC_MODEL_TUNING = G5;
				GCC_OPTIMIZATION_LEVEL = 0;
				INSTALL_PATH = /usr/local/bin;
				LIBRARY_SEARCH_PATHS = (
					"$(inherited)",
					/Users/nickcollins/Desktop/tosort/gsl_universal_1.14/libs,
				);
				PRODUCT_NAME = gmm;
			};
			name = Debug;
		};
		1DEB923308733DC60010E9CD /* Release */ = {
			isa = XCBuildConfiguration;
			buildSettings = {
				ALWAYS_SEARCH_USER_PATHS = NO;
				DEBUG_INFORMATION_FORMAT = "dwarf-with-dsym";
				GCC_MODEL_TUNING = G5;
				INSTALL_PATH = /usr/local/bin;
				LIBRARY_SEARCH_PATHS = (
					"$(inherited)",
					/Users/nickcollins/Desktop/tosort/gsl_universal_1.14/libs,
				);
				PRODUCT_NAME = gmm;
			};
			name = Release;
		};
		1DEB923608733DC60010E9CD /* Debug */ = {
			isa = XCBuildConfiguration;
			buildSettings = {
				ARCHS = "$(ARCHS_STANDARD_32_64_BIT)";
				GCC_C_LANGUAGE_STANDARD = gnu99;
				GCC_OPTIMIZATION_LEVEL = 0;
				GCC_WARN_ABOUT_RETURN_TYPE = YES;
				GCC_WARN_UNUSED_VARIABLE = YES;
				HEADER_SEARCH_PATHS = /Users/nickcollins/Desktop/tosort/gsl_universal_1.14;
				ONLY_ACTIVE_ARCH = YES;
				PREBINDING = NO;
				SDKROOT = macosx10.6;
			};
			name = Debug;
		};
		1DEB923708733DC60010E9CD /* Release */ = {
			isa = XCBuildConfiguration;
			buildSettings = {
				ARCHS = "$(ARCHS_STANDARD_32_64_BIT)";
				GCC_C_LANGUAGE_STANDARD = gnu99;
				GCC_WARN_ABOUT_RETURN_TYPE = YES;
				GCC_WARN_UNUSED_VARIABLE = YES;
				HEADER_SEARCH_PATHS = /Users/nickcollins/Desktop/tosort/gsl_universal_1.14;
				PREBINDING = NO;
				SDKROOT = macosx10.6;
			};
			name = Release;
		};
/* End XCBuildConfiguration section */

/* Begin XCConfigurationList section */
		1DEB923108733DC60010E9CD /* Build configuration list for PBXNativeTarget "gmm" */ = {
			isa = XCConfigurationList;
			buildConfigurations = (
				1DEB923208733DC60010E9CD /* Debug */,
				1DEB923308733DC60010E9CD /* Release */,
			);
			defaultConfigurationIsVisible = 0;
			defaultConfigurationName = Release;
		};
		1DEB923508733DC60010E9CD /* Build configuration list for PBXProject "gmm" */ = {
			isa = XCConfigurationList;
			buildConfigurations = (
				1DEB923608733DC60010E9CD /* Debug */,
				1DEB923708733DC60010E9CD /* Release */,
			);
			defaultConfigurationIsVisible = 0;
			defaultConfigurationName = Release;
		};
/* End XCConfigurationList section */
	};
	rootObject = 08FB7793FE84155DC02AAC07 /* Project object */;
}
